
Microsoft Visual Studio Solution File, Format Version 12.00
# Visual Studio Version 16
VisualStudioVersion = 16.0.28705.295
MinimumVisualStudioVersion = 10.0.40219.1
Project("{9A19103F-16F7-4668-BE54-9A1E7A4F7556}") = "ExpenseClaimSolution", "ExpenseClaimSolution\ExpenseClaimSolution.csproj", "{679558FF-F659-4527-A25F-E640A5FEA8BC}"
EndProject
Project("{FAE04EC0-301F-11D3-BF4B-00C04F79EFBC}") = "EC.Models", "EC.Models\EC.Models.csproj", "{8F63D247-1691-4880-80D8-212FF4D62597}"
EndProject
Global
	GlobalSection(SolutionConfigurationPlatforms) = preSolution
		Debug|Any CPU = Debug|Any CPU
		Release|Any CPU = Release|Any CPU
	EndGlobalSection
	GlobalSection(ProjectConfigurationPlatforms) = postSolution
		{679558FF-F659-4527-A25F-E640A5FEA8BC}.Debug|Any CPU.ActiveCfg = Debug|Any CPU
		{679558FF-F659-4527-A25F-E640A5FEA8BC}.Debug|Any CPU.Build.0 = Debug|Any CPU
		{679558FF-F659-4527-A25F-E640A5FEA8BC}.Release|Any CPU.ActiveCfg = Release|Any CPU
		{679558FF-F659-4527-A25F-E640A5FEA8BC}.Release|Any CPU.Build.0 = Release|Any CPU
		{8F63D247-1691-4880-80D8-212FF4D62597}.Debug|Any CPU.ActiveCfg = Debug|Any CPU
		{8F63D247-1691-4880-80D8-212FF4D62597}.Debug|Any CPU.Build.0 = Debug|Any CPU
		{8F63D247-1691-4880-80D8-212FF4D62597}.Release|Any CPU.ActiveCfg = Release|Any CPU
		{8F63D247-1691-4880-80D8-212FF4D62597}.Release|Any CPU.Build.0 = Release|Any CPU
	EndGlobalSection
	GlobalSection(SolutionProperties) = preSolution
		HideSolutionNode = FALSE
	EndGlobalSection
	GlobalSection(ExtensibilityGlobals) = postSolution
		SolutionGuid = {A86024A3-69BF-4E65-9D31-B281D2763FB9}
	EndGlobalSection
EndGlobal
