
Microsoft Visual Studio Solution File, Format Version 12.00
# Visual Studio Version 16
VisualStudioVersion = 16.0.29123.88
MinimumVisualStudioVersion = 10.0.40219.1
Project("{FAE04EC0-301F-11D3-BF4B-00C04F79EFBC}") = "EC.Models", "EC.Models\EC.Models.csproj", "{AA6D40B7-4245-4692-BD9E-8FC8373EDDF8}"
EndProject
Project("{FAE04EC0-301F-11D3-BF4B-00C04F79EFBC}") = "EC.Services", "EC.Services\EC.Services.csproj", "{5CB51714-67D7-469C-83D3-A43B1345ECE2}"
EndProject
Project("{FAE04EC0-301F-11D3-BF4B-00C04F79EFBC}") = "ExpenseClaimServices", "ExpenseClaimServices\ExpenseClaimServices.csproj", "{0B05AFE6-934A-4434-A26D-4AA1C6FCCC6D}"
EndProject
Global
	GlobalSection(SolutionConfigurationPlatforms) = preSolution
		Debug|Any CPU = Debug|Any CPU
		Release|Any CPU = Release|Any CPU
	EndGlobalSection
	GlobalSection(ProjectConfigurationPlatforms) = postSolution
		{AA6D40B7-4245-4692-BD9E-8FC8373EDDF8}.Debug|Any CPU.ActiveCfg = Debug|Any CPU
		{AA6D40B7-4245-4692-BD9E-8FC8373EDDF8}.Debug|Any CPU.Build.0 = Debug|Any CPU
		{AA6D40B7-4245-4692-BD9E-8FC8373EDDF8}.Release|Any CPU.ActiveCfg = Release|Any CPU
		{AA6D40B7-4245-4692-BD9E-8FC8373EDDF8}.Release|Any CPU.Build.0 = Release|Any CPU
		{5CB51714-67D7-469C-83D3-A43B1345ECE2}.Debug|Any CPU.ActiveCfg = Debug|Any CPU
		{5CB51714-67D7-469C-83D3-A43B1345ECE2}.Debug|Any CPU.Build.0 = Debug|Any CPU
		{5CB51714-67D7-469C-83D3-A43B1345ECE2}.Release|Any CPU.ActiveCfg = Release|Any CPU
		{5CB51714-67D7-469C-83D3-A43B1345ECE2}.Release|Any CPU.Build.0 = Release|Any CPU
		{0B05AFE6-934A-4434-A26D-4AA1C6FCCC6D}.Debug|Any CPU.ActiveCfg = Debug|Any CPU
		{0B05AFE6-934A-4434-A26D-4AA1C6FCCC6D}.Debug|Any CPU.Build.0 = Debug|Any CPU
		{0B05AFE6-934A-4434-A26D-4AA1C6FCCC6D}.Release|Any CPU.ActiveCfg = Release|Any CPU
		{0B05AFE6-934A-4434-A26D-4AA1C6FCCC6D}.Release|Any CPU.Build.0 = Release|Any CPU
	EndGlobalSection
	GlobalSection(SolutionProperties) = preSolution
		HideSolutionNode = FALSE
	EndGlobalSection
	GlobalSection(ExtensibilityGlobals) = postSolution
		SolutionGuid = {869A1ECC-56E4-4965-A292-325AA186F753}
	EndGlobalSection
EndGlobal
